
Microsoft Visual Studio Solution File, Format Version 12.00
Project("{2150E333-8FDC-42A3-9474-1A3956D46DE8}") = "Presenter", "Presenter", "{011E3083-D221-482A-9330-B59CC70AD420}"
EndProject
Project("{2150E333-8FDC-42A3-9474-1A3956D46DE8}") = "Infrastructure", "Infrastructure", "{E9015201-3CEF-482C-9524-5E36D65264E7}"
EndProject
Project("{2150E333-8FDC-42A3-9474-1A3956D46DE8}") = "Application", "Application", "{FE735E1E-ED56-478F-AFCB-187EFDDB21C7}"
EndProject
Project("{FAE04EC0-301F-11D3-BF4B-00C04F79EFBC}") = "Business", "Business\Business.csproj", "{68C563CA-BC5E-411E-81E5-7F171510D0BF}"
EndProject
Project("{FAE04EC0-301F-11D3-BF4B-00C04F79EFBC}") = "Domain", "Domain\Domain.csproj", "{207E10B8-C563-46F7-BD66-26AC559AAA72}"
EndProject
Project("{FAE04EC0-301F-11D3-BF4B-00C04F79EFBC}") = "Persistence", "Persistence\Persistence.csproj", "{F106C945-D837-4543-8C0C-D2CCCA02ABA2}"
EndProject
Project("{FAE04EC0-301F-11D3-BF4B-00C04F79EFBC}") = "API", "API\API.csproj", "{527551D2-E470-4296-8799-14750B6A4D68}"
EndProject
Project("{FAE04EC0-301F-11D3-BF4B-00C04F79EFBC}") = "Utilities", "Utilities\Utilities.csproj", "{0334C6D7-50E4-4904-95D2-5F6F32E71950}"
EndProject
Global
	GlobalSection(SolutionConfigurationPlatforms) = preSolution
		Debug|Any CPU = Debug|Any CPU
		Release|Any CPU = Release|Any CPU
	EndGlobalSection
	GlobalSection(NestedProjects) = preSolution
		{68C563CA-BC5E-411E-81E5-7F171510D0BF} = {FE735E1E-ED56-478F-AFCB-187EFDDB21C7}
		{207E10B8-C563-46F7-BD66-26AC559AAA72} = {FE735E1E-ED56-478F-AFCB-187EFDDB21C7}
		{F106C945-D837-4543-8C0C-D2CCCA02ABA2} = {E9015201-3CEF-482C-9524-5E36D65264E7}
		{527551D2-E470-4296-8799-14750B6A4D68} = {011E3083-D221-482A-9330-B59CC70AD420}
		{0334C6D7-50E4-4904-95D2-5F6F32E71950} = {E9015201-3CEF-482C-9524-5E36D65264E7}
	EndGlobalSection
	GlobalSection(ProjectConfigurationPlatforms) = postSolution
		{68C563CA-BC5E-411E-81E5-7F171510D0BF}.Debug|Any CPU.ActiveCfg = Debug|Any CPU
		{68C563CA-BC5E-411E-81E5-7F171510D0BF}.Debug|Any CPU.Build.0 = Debug|Any CPU
		{68C563CA-BC5E-411E-81E5-7F171510D0BF}.Release|Any CPU.ActiveCfg = Release|Any CPU
		{68C563CA-BC5E-411E-81E5-7F171510D0BF}.Release|Any CPU.Build.0 = Release|Any CPU
		{207E10B8-C563-46F7-BD66-26AC559AAA72}.Debug|Any CPU.ActiveCfg = Debug|Any CPU
		{207E10B8-C563-46F7-BD66-26AC559AAA72}.Debug|Any CPU.Build.0 = Debug|Any CPU
		{207E10B8-C563-46F7-BD66-26AC559AAA72}.Release|Any CPU.ActiveCfg = Release|Any CPU
		{207E10B8-C563-46F7-BD66-26AC559AAA72}.Release|Any CPU.Build.0 = Release|Any CPU
		{F106C945-D837-4543-8C0C-D2CCCA02ABA2}.Debug|Any CPU.ActiveCfg = Debug|Any CPU
		{F106C945-D837-4543-8C0C-D2CCCA02ABA2}.Debug|Any CPU.Build.0 = Debug|Any CPU
		{F106C945-D837-4543-8C0C-D2CCCA02ABA2}.Release|Any CPU.ActiveCfg = Release|Any CPU
		{F106C945-D837-4543-8C0C-D2CCCA02ABA2}.Release|Any CPU.Build.0 = Release|Any CPU
		{527551D2-E470-4296-8799-14750B6A4D68}.Debug|Any CPU.ActiveCfg = Debug|Any CPU
		{527551D2-E470-4296-8799-14750B6A4D68}.Debug|Any CPU.Build.0 = Debug|Any CPU
		{527551D2-E470-4296-8799-14750B6A4D68}.Release|Any CPU.ActiveCfg = Release|Any CPU
		{527551D2-E470-4296-8799-14750B6A4D68}.Release|Any CPU.Build.0 = Release|Any CPU
		{0334C6D7-50E4-4904-95D2-5F6F32E71950}.Debug|Any CPU.ActiveCfg = Debug|Any CPU
		{0334C6D7-50E4-4904-95D2-5F6F32E71950}.Debug|Any CPU.Build.0 = Debug|Any CPU
		{0334C6D7-50E4-4904-95D2-5F6F32E71950}.Release|Any CPU.ActiveCfg = Release|Any CPU
		{0334C6D7-50E4-4904-95D2-5F6F32E71950}.Release|Any CPU.Build.0 = Release|Any CPU
	EndGlobalSection
EndGlobal
